
Microsoft Visual Studio Solution File, Format Version 12.00
# Visual Studio Version 17
VisualStudioVersion = 17.8.34525.116
MinimumVisualStudioVersion = 10.0.40219.1
Project("{9A19103F-16F7-4668-BE54-9A1E7A4F7556}") = "Ticket", "Ticket\Ticket.csproj", "{127022A8-116A-4ADB-BAA2-7811654C2489}"
EndProject
Project("{9A19103F-16F7-4668-BE54-9A1E7A4F7556}") = "BLL", "BLL\BLL.csproj", "{C006E44F-6E1A-4A69-97A7-5E0A51365FFF}"
EndProject
Project("{9A19103F-16F7-4668-BE54-9A1E7A4F7556}") = "DAL", "DAL\DAL.csproj", "{965526B6-446C-4AC8-A5BB-545C2C1EC999}"
EndProject
Global
	GlobalSection(SolutionConfigurationPlatforms) = preSolution
		Debug|Any CPU = Debug|Any CPU
		Release|Any CPU = Release|Any CPU
	EndGlobalSection
	GlobalSection(ProjectConfigurationPlatforms) = postSolution
		{127022A8-116A-4ADB-BAA2-7811654C2489}.Debug|Any CPU.ActiveCfg = Debug|Any CPU
		{127022A8-116A-4ADB-BAA2-7811654C2489}.Debug|Any CPU.Build.0 = Debug|Any CPU
		{127022A8-116A-4ADB-BAA2-7811654C2489}.Release|Any CPU.ActiveCfg = Release|Any CPU
		{127022A8-116A-4ADB-BAA2-7811654C2489}.Release|Any CPU.Build.0 = Release|Any CPU
		{C006E44F-6E1A-4A69-97A7-5E0A51365FFF}.Debug|Any CPU.ActiveCfg = Debug|Any CPU
		{C006E44F-6E1A-4A69-97A7-5E0A51365FFF}.Debug|Any CPU.Build.0 = Debug|Any CPU
		{C006E44F-6E1A-4A69-97A7-5E0A51365FFF}.Release|Any CPU.ActiveCfg = Release|Any CPU
		{C006E44F-6E1A-4A69-97A7-5E0A51365FFF}.Release|Any CPU.Build.0 = Release|Any CPU
		{965526B6-446C-4AC8-A5BB-545C2C1EC999}.Debug|Any CPU.ActiveCfg = Debug|Any CPU
		{965526B6-446C-4AC8-A5BB-545C2C1EC999}.Debug|Any CPU.Build.0 = Debug|Any CPU
		{965526B6-446C-4AC8-A5BB-545C2C1EC999}.Release|Any CPU.ActiveCfg = Release|Any CPU
		{965526B6-446C-4AC8-A5BB-545C2C1EC999}.Release|Any CPU.Build.0 = Release|Any CPU
	EndGlobalSection
	GlobalSection(SolutionProperties) = preSolution
		HideSolutionNode = FALSE
	EndGlobalSection
	GlobalSection(ExtensibilityGlobals) = postSolution
		SolutionGuid = {D01ADACC-311D-4935-9E21-337C6343361C}
	EndGlobalSection
EndGlobal
